{
  "name": "@finsweet/attributes-shopify",
  "version": "1.0.0",
  "lockfileVersion": 2,
  "requires": true,
  "packages": {
    "": {
      "name": "@finsweet/attributes-shopify",
      "version": "1.0.0",
      "dependencies": {
        "shopify-buy": "^2.15.1"
      },
      "devDependencies": {
        "@types/shopify-buy": "^2.10.10"
      }
    },
    "node_modules/@types/shopify-buy": {
      "version": "2.10.10",
      "resolved": "https://registry.npmjs.org/@types/shopify-buy/-/shopify-buy-2.10.10.tgz",
      "integrity": "sha512-KNX9ToXmH67+w2K+snlPbanM/dnmVxBKll7H1+UgPMJTDWxFzWttoNaiueSsiUEmNwu3NoFuGXdwew1bTLY4TQ==",
      "dev": true
    },
    "node_modules/shopify-buy": {
      "version": "2.15.1",
      "resolved": "https://registry.npmjs.org/shopify-buy/-/shopify-buy-2.15.1.tgz",
      "integrity": "sha512-ijtQXSTlzNWJ4xEYucfvJZ80PYYEKub+sVcXr77krDagv0NM9SHzkUVk37tMDJIwzh5KM+LOmed6ZN5V1cFyBg=="
    }
  },
  "dependencies": {
    "@types/shopify-buy": {
      "version": "2.10.10",
      "resolved": "https://registry.npmjs.org/@types/shopify-buy/-/shopify-buy-2.10.10.tgz",
      "integrity": "sha512-KNX9ToXmH67+w2K+snlPbanM/dnmVxBKll7H1+UgPMJTDWxFzWttoNaiueSsiUEmNwu3NoFuGXdwew1bTLY4TQ==",
      "dev": true
    },
    "shopify-buy": {
      "version": "2.15.1",
      "resolved": "https://registry.npmjs.org/shopify-buy/-/shopify-buy-2.15.1.tgz",
      "integrity": "sha512-ijtQXSTlzNWJ4xEYucfvJZ80PYYEKub+sVcXr77krDagv0NM9SHzkUVk37tMDJIwzh5KM+LOmed6ZN5V1cFyBg=="
    }
  }
}
